
Microsoft Visual Studio Solution File, Format Version 12.00
# Visual Studio Version 16
VisualStudioVersion = 16.0.31025.194
MinimumVisualStudioVersion = 10.0.40219.1
Project("{8BC9CEB8-8B4A-11D0-8D11-00A0C91BC942}") = "TestApp", "TestApp.vcxproj", "{BB92E4C0-501F-4825-9917-FAC868775C58}"
EndProject
Project("{8BC9CEB8-8B4A-11D0-8D11-00A0C91BC942}") = "Chat2", "..\Chat2\Chat2.vcxproj", "{211CD529-F055-41F8-8813-97F7A52F04A4}"
EndProject
Project("{8BC9CEB8-8B4A-11D0-8D11-00A0C91BC942}") = "Chat3", "..\Chat3\Chat3.vcxproj", "{366732AA-9675-4D87-A8F4-F53798F00858}"
EndProject
Project("{8BC9CEB8-8B4A-11D0-8D11-00A0C91BC942}") = "Chap4", "..\Chap4\Chap4.vcxproj", "{F9C29302-047E-47A3-BBB4-F70B99FDDE64}"
EndProject
Project("{8BC9CEB8-8B4A-11D0-8D11-00A0C91BC942}") = "Chap5", "..\Chap5\Chap5.vcxproj", "{8ECCA233-CF42-4A30-8341-33DC3D86FA8D}"
EndProject
Project("{8BC9CEB8-8B4A-11D0-8D11-00A0C91BC942}") = "Chap6", "..\Chap6\Chap6.vcxproj", "{9D4D587C-A882-4B58-9CB6-4A987891FCB7}"
EndProject
Project("{8BC9CEB8-8B4A-11D0-8D11-00A0C91BC942}") = "Chap7", "..\Chap7\Chap7.vcxproj", "{CDD02A20-F374-4168-9F93-6A0B85903052}"
EndProject
Project("{8BC9CEB8-8B4A-11D0-8D11-00A0C91BC942}") = "Chap8", "..\Chap8\Chap8.vcxproj", "{376D2CEB-FEC0-495A-B39A-61DAEF7F0924}"
EndProject
Project("{8BC9CEB8-8B4A-11D0-8D11-00A0C91BC942}") = "Chap9", "..\Chap9\Chap9.vcxproj", "{E83F054C-CA3B-4A1D-ADCD-BACB2B25616D}"
EndProject
Project("{8BC9CEB8-8B4A-11D0-8D11-00A0C91BC942}") = "Chap10", "..\Chap10\Chap10.vcxproj", "{C26DC50D-7243-449E-9F01-F7EAD9F42F0C}"
EndProject
Project("{8BC9CEB8-8B4A-11D0-8D11-00A0C91BC942}") = "Chap11", "..\Chap11\Chap11.vcxproj", "{C7C7252D-8591-4F91-8214-6C3E43BE21BB}"
EndProject
Project("{8BC9CEB8-8B4A-11D0-8D11-00A0C91BC942}") = "Chap12", "..\Chap12\Chap12.vcxproj", "{7D1277F3-933E-4D9D-8C7D-87C8353DFCF4}"
EndProject
Project("{8BC9CEB8-8B4A-11D0-8D11-00A0C91BC942}") = "Chap13", "..\Chap13\Chap13.vcxproj", "{D6D3AE5F-B26B-45D9-9FA3-35F74F2DBD8C}"
EndProject
Project("{8BC9CEB8-8B4A-11D0-8D11-00A0C91BC942}") = "Chap14", "..\Chap14\Chap14.vcxproj", "{0C604D45-4A58-499E-8246-D86F74FA3732}"
EndProject
Project("{8BC9CEB8-8B4A-11D0-8D11-00A0C91BC942}") = "Chap15", "..\Chap15\Chap15.vcxproj", "{CA85ADE9-2BC8-4A63-A763-7673024B55E6}"
EndProject
Project("{8BC9CEB8-8B4A-11D0-8D11-00A0C91BC942}") = "Chap16", "..\Chap16\Chap16.vcxproj", "{7B42C13C-1C2D-4197-9D67-0A5D15CC7976}"
EndProject
Project("{8BC9CEB8-8B4A-11D0-8D11-00A0C91BC942}") = "Chap17", "..\Chap17\Chap17.vcxproj", "{831901C9-B0BB-44F1-8B1E-508890DC93DA}"
EndProject
Project("{8BC9CEB8-8B4A-11D0-8D11-00A0C91BC942}") = "Chap18", "..\Chap18\Chap18.vcxproj", "{4B6DEE5C-555B-4858-94D1-E3D07D11B3A3}"
EndProject
Project("{8BC9CEB8-8B4A-11D0-8D11-00A0C91BC942}") = "Chap19", "..\Chap19\Chap19.vcxproj", "{0147D61C-B218-4EA5-97F9-B88DAF6777E3}"
EndProject
Global
	GlobalSection(SolutionConfigurationPlatforms) = preSolution
		Debug|x64 = Debug|x64
		Debug|x86 = Debug|x86
		Release|x64 = Release|x64
		Release|x86 = Release|x86
	EndGlobalSection
	GlobalSection(ProjectConfigurationPlatforms) = postSolution
		{BB92E4C0-501F-4825-9917-FAC868775C58}.Debug|x64.ActiveCfg = Debug|x64
		{BB92E4C0-501F-4825-9917-FAC868775C58}.Debug|x64.Build.0 = Debug|x64
		{BB92E4C0-501F-4825-9917-FAC868775C58}.Debug|x86.ActiveCfg = Debug|Win32
		{BB92E4C0-501F-4825-9917-FAC868775C58}.Debug|x86.Build.0 = Debug|Win32
		{BB92E4C0-501F-4825-9917-FAC868775C58}.Release|x64.ActiveCfg = Release|x64
		{BB92E4C0-501F-4825-9917-FAC868775C58}.Release|x64.Build.0 = Release|x64
		{BB92E4C0-501F-4825-9917-FAC868775C58}.Release|x86.ActiveCfg = Release|Win32
		{BB92E4C0-501F-4825-9917-FAC868775C58}.Release|x86.Build.0 = Release|Win32
		{211CD529-F055-41F8-8813-97F7A52F04A4}.Debug|x64.ActiveCfg = Debug|x64
		{211CD529-F055-41F8-8813-97F7A52F04A4}.Debug|x64.Build.0 = Debug|x64
		{211CD529-F055-41F8-8813-97F7A52F04A4}.Debug|x86.ActiveCfg = Debug|Win32
		{211CD529-F055-41F8-8813-97F7A52F04A4}.Debug|x86.Build.0 = Debug|Win32
		{211CD529-F055-41F8-8813-97F7A52F04A4}.Release|x64.ActiveCfg = Release|x64
		{211CD529-F055-41F8-8813-97F7A52F04A4}.Release|x64.Build.0 = Release|x64
		{211CD529-F055-41F8-8813-97F7A52F04A4}.Release|x86.ActiveCfg = Release|Win32
		{211CD529-F055-41F8-8813-97F7A52F04A4}.Release|x86.Build.0 = Release|Win32
		{366732AA-9675-4D87-A8F4-F53798F00858}.Debug|x64.ActiveCfg = Debug|x64
		{366732AA-9675-4D87-A8F4-F53798F00858}.Debug|x64.Build.0 = Debug|x64
		{366732AA-9675-4D87-A8F4-F53798F00858}.Debug|x86.ActiveCfg = Debug|Win32
		{366732AA-9675-4D87-A8F4-F53798F00858}.Debug|x86.Build.0 = Debug|Win32
		{366732AA-9675-4D87-A8F4-F53798F00858}.Release|x64.ActiveCfg = Release|x64
		{366732AA-9675-4D87-A8F4-F53798F00858}.Release|x64.Build.0 = Release|x64
		{366732AA-9675-4D87-A8F4-F53798F00858}.Release|x86.ActiveCfg = Release|Win32
		{366732AA-9675-4D87-A8F4-F53798F00858}.Release|x86.Build.0 = Release|Win32
		{F9C29302-047E-47A3-BBB4-F70B99FDDE64}.Debug|x64.ActiveCfg = Debug|x64
		{F9C29302-047E-47A3-BBB4-F70B99FDDE64}.Debug|x64.Build.0 = Debug|x64
		{F9C29302-047E-47A3-BBB4-F70B99FDDE64}.Debug|x86.ActiveCfg = Debug|Win32
		{F9C29302-047E-47A3-BBB4-F70B99FDDE64}.Debug|x86.Build.0 = Debug|Win32
		{F9C29302-047E-47A3-BBB4-F70B99FDDE64}.Release|x64.ActiveCfg = Release|x64
		{F9C29302-047E-47A3-BBB4-F70B99FDDE64}.Release|x64.Build.0 = Release|x64
		{F9C29302-047E-47A3-BBB4-F70B99FDDE64}.Release|x86.ActiveCfg = Release|Win32
		{F9C29302-047E-47A3-BBB4-F70B99FDDE64}.Release|x86.Build.0 = Release|Win32
		{8ECCA233-CF42-4A30-8341-33DC3D86FA8D}.Debug|x64.ActiveCfg = Debug|x64
		{8ECCA233-CF42-4A30-8341-33DC3D86FA8D}.Debug|x64.Build.0 = Debug|x64
		{8ECCA233-CF42-4A30-8341-33DC3D86FA8D}.Debug|x86.ActiveCfg = Debug|Win32
		{8ECCA233-CF42-4A30-8341-33DC3D86FA8D}.Debug|x86.Build.0 = Debug|Win32
		{8ECCA233-CF42-4A30-8341-33DC3D86FA8D}.Release|x64.ActiveCfg = Release|x64
		{8ECCA233-CF42-4A30-8341-33DC3D86FA8D}.Release|x64.Build.0 = Release|x64
		{8ECCA233-CF42-4A30-8341-33DC3D86FA8D}.Release|x86.ActiveCfg = Release|Win32
		{8ECCA233-CF42-4A30-8341-33DC3D86FA8D}.Release|x86.Build.0 = Release|Win32
		{9D4D587C-A882-4B58-9CB6-4A987891FCB7}.Debug|x64.ActiveCfg = Debug|x64
		{9D4D587C-A882-4B58-9CB6-4A987891FCB7}.Debug|x64.Build.0 = Debug|x64
		{9D4D587C-A882-4B58-9CB6-4A987891FCB7}.Debug|x86.ActiveCfg = Debug|Win32
		{9D4D587C-A882-4B58-9CB6-4A987891FCB7}.Debug|x86.Build.0 = Debug|Win32
		{9D4D587C-A882-4B58-9CB6-4A987891FCB7}.Release|x64.ActiveCfg = Release|x64
		{9D4D587C-A882-4B58-9CB6-4A987891FCB7}.Release|x64.Build.0 = Release|x64
		{9D4D587C-A882-4B58-9CB6-4A987891FCB7}.Release|x86.ActiveCfg = Release|Win32
		{9D4D587C-A882-4B58-9CB6-4A987891FCB7}.Release|x86.Build.0 = Release|Win32
		{CDD02A20-F374-4168-9F93-6A0B85903052}.Debug|x64.ActiveCfg = Debug|x64
		{CDD02A20-F374-4168-9F93-6A0B85903052}.Debug|x64.Build.0 = Debug|x64
		{CDD02A20-F374-4168-9F93-6A0B85903052}.Debug|x86.ActiveCfg = Debug|Win32
		{CDD02A20-F374-4168-9F93-6A0B85903052}.Debug|x86.Build.0 = Debug|Win32
		{CDD02A20-F374-4168-9F93-6A0B85903052}.Release|x64.ActiveCfg = Release|x64
		{CDD02A20-F374-4168-9F93-6A0B85903052}.Release|x64.Build.0 = Release|x64
		{CDD02A20-F374-4168-9F93-6A0B85903052}.Release|x86.ActiveCfg = Release|Win32
		{CDD02A20-F374-4168-9F93-6A0B85903052}.Release|x86.Build.0 = Release|Win32
		{376D2CEB-FEC0-495A-B39A-61DAEF7F0924}.Debug|x64.ActiveCfg = Debug|x64
		{376D2CEB-FEC0-495A-B39A-61DAEF7F0924}.Debug|x64.Build.0 = Debug|x64
		{376D2CEB-FEC0-495A-B39A-61DAEF7F0924}.Debug|x86.ActiveCfg = Debug|Win32
		{376D2CEB-FEC0-495A-B39A-61DAEF7F0924}.Debug|x86.Build.0 = Debug|Win32
		{376D2CEB-FEC0-495A-B39A-61DAEF7F0924}.Release|x64.ActiveCfg = Release|x64
		{376D2CEB-FEC0-495A-B39A-61DAEF7F0924}.Release|x64.Build.0 = Release|x64
		{376D2CEB-FEC0-495A-B39A-61DAEF7F0924}.Release|x86.ActiveCfg = Release|Win32
		{376D2CEB-FEC0-495A-B39A-61DAEF7F0924}.Release|x86.Build.0 = Release|Win32
		{E83F054C-CA3B-4A1D-ADCD-BACB2B25616D}.Debug|x64.ActiveCfg = Debug|x64
		{E83F054C-CA3B-4A1D-ADCD-BACB2B25616D}.Debug|x64.Build.0 = Debug|x64
		{E83F054C-CA3B-4A1D-ADCD-BACB2B25616D}.Debug|x86.ActiveCfg = Debug|Win32
		{E83F054C-CA3B-4A1D-ADCD-BACB2B25616D}.Debug|x86.Build.0 = Debug|Win32
		{E83F054C-CA3B-4A1D-ADCD-BACB2B25616D}.Release|x64.ActiveCfg = Release|x64
		{E83F054C-CA3B-4A1D-ADCD-BACB2B25616D}.Release|x64.Build.0 = Release|x64
		{E83F054C-CA3B-4A1D-ADCD-BACB2B25616D}.Release|x86.ActiveCfg = Release|Win32
		{E83F054C-CA3B-4A1D-ADCD-BACB2B25616D}.Release|x86.Build.0 = Release|Win32
		{C26DC50D-7243-449E-9F01-F7EAD9F42F0C}.Debug|x64.ActiveCfg = Debug|x64
		{C26DC50D-7243-449E-9F01-F7EAD9F42F0C}.Debug|x64.Build.0 = Debug|x64
		{C26DC50D-7243-449E-9F01-F7EAD9F42F0C}.Debug|x86.ActiveCfg = Debug|Win32
		{C26DC50D-7243-449E-9F01-F7EAD9F42F0C}.Debug|x86.Build.0 = Debug|Win32
		{C26DC50D-7243-449E-9F01-F7EAD9F42F0C}.Release|x64.ActiveCfg = Release|x64
		{C26DC50D-7243-449E-9F01-F7EAD9F42F0C}.Release|x64.Build.0 = Release|x64
		{C26DC50D-7243-449E-9F01-F7EAD9F42F0C}.Release|x86.ActiveCfg = Release|Win32
		{C26DC50D-7243-449E-9F01-F7EAD9F42F0C}.Release|x86.Build.0 = Release|Win32
		{C7C7252D-8591-4F91-8214-6C3E43BE21BB}.Debug|x64.ActiveCfg = Debug|x64
		{C7C7252D-8591-4F91-8214-6C3E43BE21BB}.Debug|x64.Build.0 = Debug|x64
		{C7C7252D-8591-4F91-8214-6C3E43BE21BB}.Debug|x86.ActiveCfg = Debug|Win32
		{C7C7252D-8591-4F91-8214-6C3E43BE21BB}.Debug|x86.Build.0 = Debug|Win32
		{C7C7252D-8591-4F91-8214-6C3E43BE21BB}.Release|x64.ActiveCfg = Release|x64
		{C7C7252D-8591-4F91-8214-6C3E43BE21BB}.Release|x64.Build.0 = Release|x64
		{C7C7252D-8591-4F91-8214-6C3E43BE21BB}.Release|x86.ActiveCfg = Release|Win32
		{C7C7252D-8591-4F91-8214-6C3E43BE21BB}.Release|x86.Build.0 = Release|Win32
		{7D1277F3-933E-4D9D-8C7D-87C8353DFCF4}.Debug|x64.ActiveCfg = Debug|x64
		{7D1277F3-933E-4D9D-8C7D-87C8353DFCF4}.Debug|x64.Build.0 = Debug|x64
		{7D1277F3-933E-4D9D-8C7D-87C8353DFCF4}.Debug|x86.ActiveCfg = Debug|Win32
		{7D1277F3-933E-4D9D-8C7D-87C8353DFCF4}.Debug|x86.Build.0 = Debug|Win32
		{7D1277F3-933E-4D9D-8C7D-87C8353DFCF4}.Release|x64.ActiveCfg = Release|x64
		{7D1277F3-933E-4D9D-8C7D-87C8353DFCF4}.Release|x64.Build.0 = Release|x64
		{7D1277F3-933E-4D9D-8C7D-87C8353DFCF4}.Release|x86.ActiveCfg = Release|Win32
		{7D1277F3-933E-4D9D-8C7D-87C8353DFCF4}.Release|x86.Build.0 = Release|Win32
		{D6D3AE5F-B26B-45D9-9FA3-35F74F2DBD8C}.Debug|x64.ActiveCfg = Debug|x64
		{D6D3AE5F-B26B-45D9-9FA3-35F74F2DBD8C}.Debug|x64.Build.0 = Debug|x64
		{D6D3AE5F-B26B-45D9-9FA3-35F74F2DBD8C}.Debug|x86.ActiveCfg = Debug|Win32
		{D6D3AE5F-B26B-45D9-9FA3-35F74F2DBD8C}.Debug|x86.Build.0 = Debug|Win32
		{D6D3AE5F-B26B-45D9-9FA3-35F74F2DBD8C}.Release|x64.ActiveCfg = Release|x64
		{D6D3AE5F-B26B-45D9-9FA3-35F74F2DBD8C}.Release|x64.Build.0 = Release|x64
		{D6D3AE5F-B26B-45D9-9FA3-35F74F2DBD8C}.Release|x86.ActiveCfg = Release|Win32
		{D6D3AE5F-B26B-45D9-9FA3-35F74F2DBD8C}.Release|x86.Build.0 = Release|Win32
		{0C604D45-4A58-499E-8246-D86F74FA3732}.Debug|x64.ActiveCfg = Debug|x64
		{0C604D45-4A58-499E-8246-D86F74FA3732}.Debug|x64.Build.0 = Debug|x64
		{0C604D45-4A58-499E-8246-D86F74FA3732}.Debug|x86.ActiveCfg = Debug|Win32
		{0C604D45-4A58-499E-8246-D86F74FA3732}.Debug|x86.Build.0 = Debug|Win32
		{0C604D45-4A58-499E-8246-D86F74FA3732}.Release|x64.ActiveCfg = Release|x64
		{0C604D45-4A58-499E-8246-D86F74FA3732}.Release|x64.Build.0 = Release|x64
		{0C604D45-4A58-499E-8246-D86F74FA3732}.Release|x86.ActiveCfg = Release|Win32
		{0C604D45-4A58-499E-8246-D86F74FA3732}.Release|x86.Build.0 = Release|Win32
		{CA85ADE9-2BC8-4A63-A763-7673024B55E6}.Debug|x64.ActiveCfg = Debug|x64
		{CA85ADE9-2BC8-4A63-A763-7673024B55E6}.Debug|x64.Build.0 = Debug|x64
		{CA85ADE9-2BC8-4A63-A763-7673024B55E6}.Debug|x86.ActiveCfg = Debug|Win32
		{CA85ADE9-2BC8-4A63-A763-7673024B55E6}.Debug|x86.Build.0 = Debug|Win32
		{CA85ADE9-2BC8-4A63-A763-7673024B55E6}.Release|x64.ActiveCfg = Release|x64
		{CA85ADE9-2BC8-4A63-A763-7673024B55E6}.Release|x64.Build.0 = Release|x64
		{CA85ADE9-2BC8-4A63-A763-7673024B55E6}.Release|x86.ActiveCfg = Release|Win32
		{CA85ADE9-2BC8-4A63-A763-7673024B55E6}.Release|x86.Build.0 = Release|Win32
		{7B42C13C-1C2D-4197-9D67-0A5D15CC7976}.Debug|x64.ActiveCfg = Debug|x64
		{7B42C13C-1C2D-4197-9D67-0A5D15CC7976}.Debug|x64.Build.0 = Debug|x64
		{7B42C13C-1C2D-4197-9D67-0A5D15CC7976}.Debug|x86.ActiveCfg = Debug|Win32
		{7B42C13C-1C2D-4197-9D67-0A5D15CC7976}.Debug|x86.Build.0 = Debug|Win32
		{7B42C13C-1C2D-4197-9D67-0A5D15CC7976}.Release|x64.ActiveCfg = Release|x64
		{7B42C13C-1C2D-4197-9D67-0A5D15CC7976}.Release|x64.Build.0 = Release|x64
		{7B42C13C-1C2D-4197-9D67-0A5D15CC7976}.Release|x86.ActiveCfg = Release|Win32
		{7B42C13C-1C2D-4197-9D67-0A5D15CC7976}.Release|x86.Build.0 = Release|Win32
		{831901C9-B0BB-44F1-8B1E-508890DC93DA}.Debug|x64.ActiveCfg = Debug|x64
		{831901C9-B0BB-44F1-8B1E-508890DC93DA}.Debug|x64.Build.0 = Debug|x64
		{831901C9-B0BB-44F1-8B1E-508890DC93DA}.Debug|x86.ActiveCfg = Debug|Win32
		{831901C9-B0BB-44F1-8B1E-508890DC93DA}.Debug|x86.Build.0 = Debug|Win32
		{831901C9-B0BB-44F1-8B1E-508890DC93DA}.Release|x64.ActiveCfg = Release|x64
		{831901C9-B0BB-44F1-8B1E-508890DC93DA}.Release|x64.Build.0 = Release|x64
		{831901C9-B0BB-44F1-8B1E-508890DC93DA}.Release|x86.ActiveCfg = Release|Win32
		{831901C9-B0BB-44F1-8B1E-508890DC93DA}.Release|x86.Build.0 = Release|Win32
		{4B6DEE5C-555B-4858-94D1-E3D07D11B3A3}.Debug|x64.ActiveCfg = Debug|x64
		{4B6DEE5C-555B-4858-94D1-E3D07D11B3A3}.Debug|x64.Build.0 = Debug|x64
		{4B6DEE5C-555B-4858-94D1-E3D07D11B3A3}.Debug|x86.ActiveCfg = Debug|Win32
		{4B6DEE5C-555B-4858-94D1-E3D07D11B3A3}.Debug|x86.Build.0 = Debug|Win32
		{4B6DEE5C-555B-4858-94D1-E3D07D11B3A3}.Release|x64.ActiveCfg = Release|x64
		{4B6DEE5C-555B-4858-94D1-E3D07D11B3A3}.Release|x64.Build.0 = Release|x64
		{4B6DEE5C-555B-4858-94D1-E3D07D11B3A3}.Release|x86.ActiveCfg = Release|Win32
		{4B6DEE5C-555B-4858-94D1-E3D07D11B3A3}.Release|x86.Build.0 = Release|Win32
		{0147D61C-B218-4EA5-97F9-B88DAF6777E3}.Debug|x64.ActiveCfg = Debug|x64
		{0147D61C-B218-4EA5-97F9-B88DAF6777E3}.Debug|x64.Build.0 = Debug|x64
		{0147D61C-B218-4EA5-97F9-B88DAF6777E3}.Debug|x86.ActiveCfg = Debug|Win32
		{0147D61C-B218-4EA5-97F9-B88DAF6777E3}.Debug|x86.Build.0 = Debug|Win32
		{0147D61C-B218-4EA5-97F9-B88DAF6777E3}.Release|x64.ActiveCfg = Release|x64
		{0147D61C-B218-4EA5-97F9-B88DAF6777E3}.Release|x64.Build.0 = Release|x64
		{0147D61C-B218-4EA5-97F9-B88DAF6777E3}.Release|x86.ActiveCfg = Release|Win32
		{0147D61C-B218-4EA5-97F9-B88DAF6777E3}.Release|x86.Build.0 = Release|Win32
	EndGlobalSection
	GlobalSection(SolutionProperties) = preSolution
		HideSolutionNode = FALSE
	EndGlobalSection
	GlobalSection(ExtensibilityGlobals) = postSolution
		SolutionGuid = {968BCB2D-B0F4-409D-AB1A-099A2A39A8B1}
	EndGlobalSection
EndGlobal
